
Microsoft Visual Studio Solution File, Format Version 12.00
# Visual Studio Version 17
VisualStudioVersion = 17.2.32616.157
MinimumVisualStudioVersion = 10.0.40219.1
Project("{FAE04EC0-301F-11D3-BF4B-00C04F79EFBC}") = "Identity", "Identity\Identity.csproj", "{CE0C669B-D717-435B-8516-7477831F2223}"
EndProject
Project("{FAE04EC0-301F-11D3-BF4B-00C04F79EFBC}") = "IdentityApiClient", "IdentityApiClient\IdentityApiClient.csproj", "{1D6D2AB2-8387-43D5-A01B-C096B7E41184}"
EndProject
Global
	GlobalSection(SolutionConfigurationPlatforms) = preSolution
		Debug|Any CPU = Debug|Any CPU
		Release|Any CPU = Release|Any CPU
	EndGlobalSection
	GlobalSection(ProjectConfigurationPlatforms) = postSolution
		{CE0C669B-D717-435B-8516-7477831F2223}.Debug|Any CPU.ActiveCfg = Debug|Any CPU
		{CE0C669B-D717-435B-8516-7477831F2223}.Debug|Any CPU.Build.0 = Debug|Any CPU
		{CE0C669B-D717-435B-8516-7477831F2223}.Release|Any CPU.ActiveCfg = Release|Any CPU
		{CE0C669B-D717-435B-8516-7477831F2223}.Release|Any CPU.Build.0 = Release|Any CPU
		{1D6D2AB2-8387-43D5-A01B-C096B7E41184}.Debug|Any CPU.ActiveCfg = Debug|Any CPU
		{1D6D2AB2-8387-43D5-A01B-C096B7E41184}.Debug|Any CPU.Build.0 = Debug|Any CPU
		{1D6D2AB2-8387-43D5-A01B-C096B7E41184}.Release|Any CPU.ActiveCfg = Release|Any CPU
		{1D6D2AB2-8387-43D5-A01B-C096B7E41184}.Release|Any CPU.Build.0 = Release|Any CPU
	EndGlobalSection
	GlobalSection(SolutionProperties) = preSolution
		HideSolutionNode = FALSE
	EndGlobalSection
	GlobalSection(ExtensibilityGlobals) = postSolution
		SolutionGuid = {73CA0CCF-C8AB-4F04-9970-ADBD63874E58}
	EndGlobalSection
EndGlobal
